
Microsoft Visual Studio Solution File, Format Version 12.00
# Visual Studio 15
VisualStudioVersion = 15.0.28010.2026
MinimumVisualStudioVersion = 10.0.40219.1
Project("{9A19103F-16F7-4668-BE54-9A1E7A4F7556}") = "Website", "Website\Website.csproj", "{A64BF199-3088-434A-8069-797E8C2E55DC}"
EndProject
Global
	GlobalSection(SolutionConfigurationPlatforms) = preSolution
		Debug|Any CPU = Debug|Any CPU
		Release|Any CPU = Release|Any CPU
	EndGlobalSection
	GlobalSection(ProjectConfigurationPlatforms) = postSolution
		{A64BF199-3088-434A-8069-797E8C2E55DC}.Debug|Any CPU.ActiveCfg = Debug|Any CPU
		{A64BF199-3088-434A-8069-797E8C2E55DC}.Debug|Any CPU.Build.0 = Debug|Any CPU
		{A64BF199-3088-434A-8069-797E8C2E55DC}.Release|Any CPU.ActiveCfg = Release|Any CPU
		{A64BF199-3088-434A-8069-797E8C2E55DC}.Release|Any CPU.Build.0 = Release|Any CPU
	EndGlobalSection
	GlobalSection(SolutionProperties) = preSolution
		HideSolutionNode = FALSE
	EndGlobalSection
	GlobalSection(ExtensibilityGlobals) = postSolution
		SolutionGuid = {8DE64078-3C80-46FA-89FA-EB44EE1D68B6}
	EndGlobalSection
EndGlobal
